
Microsoft Visual Studio Solution File, Format Version 12.00
# Visual Studio Version 16
VisualStudioVersion = 16.0.36631.11
MinimumVisualStudioVersion = 10.0.40219.1
Project("{FAE04EC0-301F-11D3-BF4B-00C04F79EFBC}") = "Winform.RelayController", "Winform.RelayController\Winform.RelayController.csproj", "{C4055585-3E26-4E55-B62B-FA7E909D1BB1}"
EndProject
Global
	GlobalSection(SolutionConfigurationPlatforms) = preSolution
		Debug|Any CPU = Debug|Any CPU
		Release|Any CPU = Release|Any CPU
	EndGlobalSection
	GlobalSection(ProjectConfigurationPlatforms) = postSolution
		{C4055585-3E26-4E55-B62B-FA7E909D1BB1}.Debug|Any CPU.ActiveCfg = Debug|Any CPU
		{C4055585-3E26-4E55-B62B-FA7E909D1BB1}.Debug|Any CPU.Build.0 = Debug|Any CPU
		{C4055585-3E26-4E55-B62B-FA7E909D1BB1}.Release|Any CPU.ActiveCfg = Release|Any CPU
		{C4055585-3E26-4E55-B62B-FA7E909D1BB1}.Release|Any CPU.Build.0 = Release|Any CPU
	EndGlobalSection
	GlobalSection(SolutionProperties) = preSolution
		HideSolutionNode = FALSE
	EndGlobalSection
	GlobalSection(ExtensibilityGlobals) = postSolution
		SolutionGuid = {45F46224-1F24-439E-8F65-38097CF0B5B4}
	EndGlobalSection
EndGlobal
